
Microsoft Visual Studio Solution File, Format Version 12.00
# Visual Studio Version 16
VisualStudioVersion = 16.0.29521.150
MinimumVisualStudioVersion = 10.0.40219.1
Project("{9A19103F-16F7-4668-BE54-9A1E7A4F7556}") = "MyHomePage", "MyHomePage\MyHomePage.csproj", "{80335930-6B40-4216-8784-2661E4B0DE8B}"
EndProject
Project("{9A19103F-16F7-4668-BE54-9A1E7A4F7556}") = "MyHomePage.Shared", "MyHomePage.Shared\MyHomePage.Shared.csproj", "{697218AE-802B-4AF1-A659-1352BDD82DE3}"
EndProject
Project("{FAE04EC0-301F-11D3-BF4B-00C04F79EFBC}") = "MyHomePage.EntityFrameworkCoreSQL", "MyHomePage.EntityFrameworkCore\MyHomePage.EntityFrameworkCoreSQL.csproj", "{53169A42-F305-49DF-BD4E-DAC637BD5B65}"
EndProject
Global
	GlobalSection(SolutionConfigurationPlatforms) = preSolution
		Debug|Any CPU = Debug|Any CPU
		Release|Any CPU = Release|Any CPU
	EndGlobalSection
	GlobalSection(ProjectConfigurationPlatforms) = postSolution
		{80335930-6B40-4216-8784-2661E4B0DE8B}.Debug|Any CPU.ActiveCfg = Debug|Any CPU
		{80335930-6B40-4216-8784-2661E4B0DE8B}.Debug|Any CPU.Build.0 = Debug|Any CPU
		{80335930-6B40-4216-8784-2661E4B0DE8B}.Release|Any CPU.ActiveCfg = Release|Any CPU
		{80335930-6B40-4216-8784-2661E4B0DE8B}.Release|Any CPU.Build.0 = Release|Any CPU
		{697218AE-802B-4AF1-A659-1352BDD82DE3}.Debug|Any CPU.ActiveCfg = Debug|Any CPU
		{697218AE-802B-4AF1-A659-1352BDD82DE3}.Debug|Any CPU.Build.0 = Debug|Any CPU
		{697218AE-802B-4AF1-A659-1352BDD82DE3}.Release|Any CPU.ActiveCfg = Release|Any CPU
		{697218AE-802B-4AF1-A659-1352BDD82DE3}.Release|Any CPU.Build.0 = Release|Any CPU
		{53169A42-F305-49DF-BD4E-DAC637BD5B65}.Debug|Any CPU.ActiveCfg = Debug|Any CPU
		{53169A42-F305-49DF-BD4E-DAC637BD5B65}.Debug|Any CPU.Build.0 = Debug|Any CPU
		{53169A42-F305-49DF-BD4E-DAC637BD5B65}.Release|Any CPU.ActiveCfg = Release|Any CPU
		{53169A42-F305-49DF-BD4E-DAC637BD5B65}.Release|Any CPU.Build.0 = Release|Any CPU
	EndGlobalSection
	GlobalSection(SolutionProperties) = preSolution
		HideSolutionNode = FALSE
	EndGlobalSection
	GlobalSection(ExtensibilityGlobals) = postSolution
		SolutionGuid = {92AF84EE-D124-4DDE-AB34-AC90D9CCFA58}
	EndGlobalSection
EndGlobal
